
Microsoft Visual Studio Solution File, Format Version 12.00
# Visual Studio Version 16
VisualStudioVersion = 16.0.30011.22
MinimumVisualStudioVersion = 10.0.40219.1
Project("{D954291E-2A0B-460D-934E-DC6B0785DB48}") = "Lensman.Shared", "Lensman\Lensman.Shared\Lensman.Shared.shproj", "{6279C845-92F8-4333-AB99-3D213163593C}"
EndProject
Project("{FAE04EC0-301F-11D3-BF4B-00C04F79EFBC}") = "Lensman.Droid", "Lensman\Lensman.Droid\Lensman.Droid.csproj", "{B7823FB2-48F9-42D3-8049-D2519F727BE4}"
EndProject
Project("{FAE04EC0-301F-11D3-BF4B-00C04F79EFBC}") = "Lensman.iOS", "Lensman\Lensman.iOS\Lensman.iOS.csproj", "{4B6D67D2-7C91-4DF5-A8B3-F7F07107EBDA}"
EndProject
Project("{FAE04EC0-301F-11D3-BF4B-00C04F79EFBC}") = "Lensman.UWP", "Lensman\Lensman.UWP\Lensman.UWP.csproj", "{9909AFE9-664C-44B6-8132-3102BE8CC710}"
EndProject
Project("{9A19103F-16F7-4668-BE54-9A1E7A4F7556}") = "Lensman.Wasm", "Lensman\Lensman.Wasm\Lensman.Wasm.csproj", "{761A783C-4D03-4F56-83CC-5FAD9473B7FA}"
EndProject
Project("{9A19103F-16F7-4668-BE54-9A1E7A4F7556}") = "Director", "Director\Director.csproj", "{3D72E24E-27B8-417D-87D9-9C1A5FB425A3}"
EndProject
Project("{9A19103F-16F7-4668-BE54-9A1E7A4F7556}") = "Director.Client", "Director.Client\Director.Client.csproj", "{85BD32A9-B976-496D-8B6D-00AC512F98AC}"
EndProject
Project("{2150E333-8FDC-42A3-9474-1A3956D46DE8}") = "Director", "Director", "{4D889B0D-F632-40BE-AB67-7B70F64B6CB8}"
EndProject
Project("{2150E333-8FDC-42A3-9474-1A3956D46DE8}") = "Lensman", "Lensman", "{EE7A5A62-6E7A-45B2-A98C-A6D1663EC8DF}"
EndProject
Global
	GlobalSection(SharedMSBuildProjectFiles) = preSolution
		Lensman\Lensman.Shared\Lensman.Shared.projitems*{4b6d67d2-7c91-4df5-a8b3-f7f07107ebda}*SharedItemsImports = 4
		Lensman\Lensman.Shared\Lensman.Shared.projitems*{6279c845-92f8-4333-ab99-3d213163593c}*SharedItemsImports = 13
		Lensman\Lensman.Shared\Lensman.Shared.projitems*{761a783c-4d03-4f56-83cc-5fad9473b7fa}*SharedItemsImports = 5
		Lensman\Lensman.Shared\Lensman.Shared.projitems*{9909afe9-664c-44b6-8132-3102be8cc710}*SharedItemsImports = 4
		Lensman\Lensman.Shared\Lensman.Shared.projitems*{b7823fb2-48f9-42d3-8049-d2519f727be4}*SharedItemsImports = 4
	EndGlobalSection
	GlobalSection(SolutionConfigurationPlatforms) = preSolution
		Ad-Hoc|Any CPU = Ad-Hoc|Any CPU
		Ad-Hoc|ARM = Ad-Hoc|ARM
		Ad-Hoc|ARM64 = Ad-Hoc|ARM64
		Ad-Hoc|iPhone = Ad-Hoc|iPhone
		Ad-Hoc|iPhoneSimulator = Ad-Hoc|iPhoneSimulator
		Ad-Hoc|x64 = Ad-Hoc|x64
		Ad-Hoc|x86 = Ad-Hoc|x86
		AppStore|Any CPU = AppStore|Any CPU
		AppStore|ARM = AppStore|ARM
		AppStore|ARM64 = AppStore|ARM64
		AppStore|iPhone = AppStore|iPhone
		AppStore|iPhoneSimulator = AppStore|iPhoneSimulator
		AppStore|x64 = AppStore|x64
		AppStore|x86 = AppStore|x86
		Debug|Any CPU = Debug|Any CPU
		Debug|ARM = Debug|ARM
		Debug|ARM64 = Debug|ARM64
		Debug|iPhone = Debug|iPhone
		Debug|iPhoneSimulator = Debug|iPhoneSimulator
		Debug|x64 = Debug|x64
		Debug|x86 = Debug|x86
		Release|Any CPU = Release|Any CPU
		Release|ARM = Release|ARM
		Release|ARM64 = Release|ARM64
		Release|iPhone = Release|iPhone
		Release|iPhoneSimulator = Release|iPhoneSimulator
		Release|x64 = Release|x64
		Release|x86 = Release|x86
	EndGlobalSection
	GlobalSection(ProjectConfigurationPlatforms) = postSolution
		{B7823FB2-48F9-42D3-8049-D2519F727BE4}.Ad-Hoc|Any CPU.ActiveCfg = Release|Any CPU
		{B7823FB2-48F9-42D3-8049-D2519F727BE4}.Ad-Hoc|Any CPU.Build.0 = Release|Any CPU
		{B7823FB2-48F9-42D3-8049-D2519F727BE4}.Ad-Hoc|Any CPU.Deploy.0 = Release|Any CPU
		{B7823FB2-48F9-42D3-8049-D2519F727BE4}.Ad-Hoc|ARM.ActiveCfg = Release|Any CPU
		{B7823FB2-48F9-42D3-8049-D2519F727BE4}.Ad-Hoc|ARM.Build.0 = Release|Any CPU
		{B7823FB2-48F9-42D3-8049-D2519F727BE4}.Ad-Hoc|ARM.Deploy.0 = Release|Any CPU
		{B7823FB2-48F9-42D3-8049-D2519F727BE4}.Ad-Hoc|ARM64.ActiveCfg = Release|Any CPU
		{B7823FB2-48F9-42D3-8049-D2519F727BE4}.Ad-Hoc|ARM64.Build.0 = Release|Any CPU
		{B7823FB2-48F9-42D3-8049-D2519F727BE4}.Ad-Hoc|ARM64.Deploy.0 = Release|Any CPU
		{B7823FB2-48F9-42D3-8049-D2519F727BE4}.Ad-Hoc|iPhone.ActiveCfg = Release|Any CPU
		{B7823FB2-48F9-42D3-8049-D2519F727BE4}.Ad-Hoc|iPhone.Build.0 = Release|Any CPU
		{B7823FB2-48F9-42D3-8049-D2519F727BE4}.Ad-Hoc|iPhone.Deploy.0 = Release|Any CPU
		{B7823FB2-48F9-42D3-8049-D2519F727BE4}.Ad-Hoc|iPhoneSimulator.ActiveCfg = Release|Any CPU
		{B7823FB2-48F9-42D3-8049-D2519F727BE4}.Ad-Hoc|iPhoneSimulator.Build.0 = Release|Any CPU
		{B7823FB2-48F9-42D3-8049-D2519F727BE4}.Ad-Hoc|iPhoneSimulator.Deploy.0 = Release|Any CPU
		{B7823FB2-48F9-42D3-8049-D2519F727BE4}.Ad-Hoc|x64.ActiveCfg = Release|Any CPU
		{B7823FB2-48F9-42D3-8049-D2519F727BE4}.Ad-Hoc|x64.Build.0 = Release|Any CPU
		{B7823FB2-48F9-42D3-8049-D2519F727BE4}.Ad-Hoc|x64.Deploy.0 = Release|Any CPU
		{B7823FB2-48F9-42D3-8049-D2519F727BE4}.Ad-Hoc|x86.ActiveCfg = Release|Any CPU
		{B7823FB2-48F9-42D3-8049-D2519F727BE4}.Ad-Hoc|x86.Build.0 = Release|Any CPU
		{B7823FB2-48F9-42D3-8049-D2519F727BE4}.Ad-Hoc|x86.Deploy.0 = Release|Any CPU
		{B7823FB2-48F9-42D3-8049-D2519F727BE4}.AppStore|Any CPU.ActiveCfg = Release|Any CPU
		{B7823FB2-48F9-42D3-8049-D2519F727BE4}.AppStore|Any CPU.Build.0 = Release|Any CPU
		{B7823FB2-48F9-42D3-8049-D2519F727BE4}.AppStore|Any CPU.Deploy.0 = Release|Any CPU
		{B7823FB2-48F9-42D3-8049-D2519F727BE4}.AppStore|ARM.ActiveCfg = Release|Any CPU
		{B7823FB2-48F9-42D3-8049-D2519F727BE4}.AppStore|ARM.Build.0 = Release|Any CPU
		{B7823FB2-48F9-42D3-8049-D2519F727BE4}.AppStore|ARM.Deploy.0 = Release|Any CPU
		{B7823FB2-48F9-42D3-8049-D2519F727BE4}.AppStore|ARM64.ActiveCfg = Release|Any CPU
		{B7823FB2-48F9-42D3-8049-D2519F727BE4}.AppStore|ARM64.Build.0 = Release|Any CPU
		{B7823FB2-48F9-42D3-8049-D2519F727BE4}.AppStore|ARM64.Deploy.0 = Release|Any CPU
		{B7823FB2-48F9-42D3-8049-D2519F727BE4}.AppStore|iPhone.ActiveCfg = Release|Any CPU
		{B7823FB2-48F9-42D3-8049-D2519F727BE4}.AppStore|iPhone.Build.0 = Release|Any CPU
		{B7823FB2-48F9-42D3-8049-D2519F727BE4}.AppStore|iPhone.Deploy.0 = Release|Any CPU
		{B7823FB2-48F9-42D3-8049-D2519F727BE4}.AppStore|iPhoneSimulator.ActiveCfg = Release|Any CPU
		{B7823FB2-48F9-42D3-8049-D2519F727BE4}.AppStore|iPhoneSimulator.Build.0 = Release|Any CPU
		{B7823FB2-48F9-42D3-8049-D2519F727BE4}.AppStore|iPhoneSimulator.Deploy.0 = Release|Any CPU
		{B7823FB2-48F9-42D3-8049-D2519F727BE4}.AppStore|x64.ActiveCfg = Release|Any CPU
		{B7823FB2-48F9-42D3-8049-D2519F727BE4}.AppStore|x64.Build.0 = Release|Any CPU
		{B7823FB2-48F9-42D3-8049-D2519F727BE4}.AppStore|x64.Deploy.0 = Release|Any CPU
		{B7823FB2-48F9-42D3-8049-D2519F727BE4}.AppStore|x86.ActiveCfg = Release|Any CPU
		{B7823FB2-48F9-42D3-8049-D2519F727BE4}.AppStore|x86.Build.0 = Release|Any CPU
		{B7823FB2-48F9-42D3-8049-D2519F727BE4}.AppStore|x86.Deploy.0 = Release|Any CPU
		{B7823FB2-48F9-42D3-8049-D2519F727BE4}.Debug|Any CPU.ActiveCfg = Debug|Any CPU
		{B7823FB2-48F9-42D3-8049-D2519F727BE4}.Debug|Any CPU.Build.0 = Debug|Any CPU
		{B7823FB2-48F9-42D3-8049-D2519F727BE4}.Debug|Any CPU.Deploy.0 = Debug|Any CPU
		{B7823FB2-48F9-42D3-8049-D2519F727BE4}.Debug|ARM.ActiveCfg = Debug|Any CPU
		{B7823FB2-48F9-42D3-8049-D2519F727BE4}.Debug|ARM.Build.0 = Debug|Any CPU
		{B7823FB2-48F9-42D3-8049-D2519F727BE4}.Debug|ARM.Deploy.0 = Debug|Any CPU
		{B7823FB2-48F9-42D3-8049-D2519F727BE4}.Debug|ARM64.ActiveCfg = Debug|Any CPU
		{B7823FB2-48F9-42D3-8049-D2519F727BE4}.Debug|ARM64.Build.0 = Debug|Any CPU
		{B7823FB2-48F9-42D3-8049-D2519F727BE4}.Debug|ARM64.Deploy.0 = Debug|Any CPU
		{B7823FB2-48F9-42D3-8049-D2519F727BE4}.Debug|iPhone.ActiveCfg = Debug|Any CPU
		{B7823FB2-48F9-42D3-8049-D2519F727BE4}.Debug|iPhone.Build.0 = Debug|Any CPU
		{B7823FB2-48F9-42D3-8049-D2519F727BE4}.Debug|iPhone.Deploy.0 = Debug|Any CPU
		{B7823FB2-48F9-42D3-8049-D2519F727BE4}.Debug|iPhoneSimulator.ActiveCfg = Debug|Any CPU
		{B7823FB2-48F9-42D3-8049-D2519F727BE4}.Debug|iPhoneSimulator.Build.0 = Debug|Any CPU
		{B7823FB2-48F9-42D3-8049-D2519F727BE4}.Debug|iPhoneSimulator.Deploy.0 = Debug|Any CPU
		{B7823FB2-48F9-42D3-8049-D2519F727BE4}.Debug|x64.ActiveCfg = Debug|Any CPU
		{B7823FB2-48F9-42D3-8049-D2519F727BE4}.Debug|x64.Build.0 = Debug|Any CPU
		{B7823FB2-48F9-42D3-8049-D2519F727BE4}.Debug|x64.Deploy.0 = Debug|Any CPU
		{B7823FB2-48F9-42D3-8049-D2519F727BE4}.Debug|x86.ActiveCfg = Debug|Any CPU
		{B7823FB2-48F9-42D3-8049-D2519F727BE4}.Debug|x86.Build.0 = Debug|Any CPU
		{B7823FB2-48F9-42D3-8049-D2519F727BE4}.Debug|x86.Deploy.0 = Debug|Any CPU
		{B7823FB2-48F9-42D3-8049-D2519F727BE4}.Release|Any CPU.ActiveCfg = Release|Any CPU
		{B7823FB2-48F9-42D3-8049-D2519F727BE4}.Release|Any CPU.Build.0 = Release|Any CPU
		{B7823FB2-48F9-42D3-8049-D2519F727BE4}.Release|Any CPU.Deploy.0 = Release|Any CPU
		{B7823FB2-48F9-42D3-8049-D2519F727BE4}.Release|ARM.ActiveCfg = Release|Any CPU
		{B7823FB2-48F9-42D3-8049-D2519F727BE4}.Release|ARM.Build.0 = Release|Any CPU
		{B7823FB2-48F9-42D3-8049-D2519F727BE4}.Release|ARM.Deploy.0 = Release|Any CPU
		{B7823FB2-48F9-42D3-8049-D2519F727BE4}.Release|ARM64.ActiveCfg = Release|Any CPU
		{B7823FB2-48F9-42D3-8049-D2519F727BE4}.Release|ARM64.Build.0 = Release|Any CPU
		{B7823FB2-48F9-42D3-8049-D2519F727BE4}.Release|ARM64.Deploy.0 = Release|Any CPU
		{B7823FB2-48F9-42D3-8049-D2519F727BE4}.Release|iPhone.ActiveCfg = Release|Any CPU
		{B7823FB2-48F9-42D3-8049-D2519F727BE4}.Release|iPhone.Build.0 = Release|Any CPU
		{B7823FB2-48F9-42D3-8049-D2519F727BE4}.Release|iPhone.Deploy.0 = Release|Any CPU
		{B7823FB2-48F9-42D3-8049-D2519F727BE4}.Release|iPhoneSimulator.ActiveCfg = Release|Any CPU
		{B7823FB2-48F9-42D3-8049-D2519F727BE4}.Release|iPhoneSimulator.Build.0 = Release|Any CPU
		{B7823FB2-48F9-42D3-8049-D2519F727BE4}.Release|iPhoneSimulator.Deploy.0 = Release|Any CPU
		{B7823FB2-48F9-42D3-8049-D2519F727BE4}.Release|x64.ActiveCfg = Release|Any CPU
		{B7823FB2-48F9-42D3-8049-D2519F727BE4}.Release|x64.Build.0 = Release|Any CPU
		{B7823FB2-48F9-42D3-8049-D2519F727BE4}.Release|x64.Deploy.0 = Release|Any CPU
		{B7823FB2-48F9-42D3-8049-D2519F727BE4}.Release|x86.ActiveCfg = Release|Any CPU
		{B7823FB2-48F9-42D3-8049-D2519F727BE4}.Release|x86.Build.0 = Release|Any CPU
		{B7823FB2-48F9-42D3-8049-D2519F727BE4}.Release|x86.Deploy.0 = Release|Any CPU
		{4B6D67D2-7C91-4DF5-A8B3-F7F07107EBDA}.Ad-Hoc|Any CPU.ActiveCfg = Ad-Hoc|iPhone
		{4B6D67D2-7C91-4DF5-A8B3-F7F07107EBDA}.Ad-Hoc|ARM.ActiveCfg = Ad-Hoc|iPhone
		{4B6D67D2-7C91-4DF5-A8B3-F7F07107EBDA}.Ad-Hoc|ARM64.ActiveCfg = Ad-Hoc|iPhone
		{4B6D67D2-7C91-4DF5-A8B3-F7F07107EBDA}.Ad-Hoc|iPhone.ActiveCfg = Ad-Hoc|iPhone
		{4B6D67D2-7C91-4DF5-A8B3-F7F07107EBDA}.Ad-Hoc|iPhone.Build.0 = Ad-Hoc|iPhone
		{4B6D67D2-7C91-4DF5-A8B3-F7F07107EBDA}.Ad-Hoc|iPhoneSimulator.ActiveCfg = Ad-Hoc|iPhoneSimulator
		{4B6D67D2-7C91-4DF5-A8B3-F7F07107EBDA}.Ad-Hoc|iPhoneSimulator.Build.0 = Ad-Hoc|iPhoneSimulator
		{4B6D67D2-7C91-4DF5-A8B3-F7F07107EBDA}.Ad-Hoc|x64.ActiveCfg = Ad-Hoc|iPhone
		{4B6D67D2-7C91-4DF5-A8B3-F7F07107EBDA}.Ad-Hoc|x86.ActiveCfg = Ad-Hoc|iPhone
		{4B6D67D2-7C91-4DF5-A8B3-F7F07107EBDA}.AppStore|Any CPU.ActiveCfg = AppStore|iPhone
		{4B6D67D2-7C91-4DF5-A8B3-F7F07107EBDA}.AppStore|ARM.ActiveCfg = AppStore|iPhone
		{4B6D67D2-7C91-4DF5-A8B3-F7F07107EBDA}.AppStore|ARM64.ActiveCfg = AppStore|iPhone
		{4B6D67D2-7C91-4DF5-A8B3-F7F07107EBDA}.AppStore|iPhone.ActiveCfg = AppStore|iPhone
		{4B6D67D2-7C91-4DF5-A8B3-F7F07107EBDA}.AppStore|iPhone.Build.0 = AppStore|iPhone
		{4B6D67D2-7C91-4DF5-A8B3-F7F07107EBDA}.AppStore|iPhoneSimulator.ActiveCfg = AppStore|iPhoneSimulator
		{4B6D67D2-7C91-4DF5-A8B3-F7F07107EBDA}.AppStore|iPhoneSimulator.Build.0 = AppStore|iPhoneSimulator
		{4B6D67D2-7C91-4DF5-A8B3-F7F07107EBDA}.AppStore|x64.ActiveCfg = AppStore|iPhone
		{4B6D67D2-7C91-4DF5-A8B3-F7F07107EBDA}.AppStore|x86.ActiveCfg = AppStore|iPhone
		{4B6D67D2-7C91-4DF5-A8B3-F7F07107EBDA}.Debug|Any CPU.ActiveCfg = Debug|iPhone
		{4B6D67D2-7C91-4DF5-A8B3-F7F07107EBDA}.Debug|ARM.ActiveCfg = Debug|iPhone
		{4B6D67D2-7C91-4DF5-A8B3-F7F07107EBDA}.Debug|ARM64.ActiveCfg = Debug|iPhone
		{4B6D67D2-7C91-4DF5-A8B3-F7F07107EBDA}.Debug|iPhone.ActiveCfg = Debug|iPhone
		{4B6D67D2-7C91-4DF5-A8B3-F7F07107EBDA}.Debug|iPhone.Build.0 = Debug|iPhone
		{4B6D67D2-7C91-4DF5-A8B3-F7F07107EBDA}.Debug|iPhoneSimulator.ActiveCfg = Debug|iPhoneSimulator
		{4B6D67D2-7C91-4DF5-A8B3-F7F07107EBDA}.Debug|iPhoneSimulator.Build.0 = Debug|iPhoneSimulator
		{4B6D67D2-7C91-4DF5-A8B3-F7F07107EBDA}.Debug|x64.ActiveCfg = Debug|iPhone
		{4B6D67D2-7C91-4DF5-A8B3-F7F07107EBDA}.Debug|x86.ActiveCfg = Debug|iPhone
		{4B6D67D2-7C91-4DF5-A8B3-F7F07107EBDA}.Release|Any CPU.ActiveCfg = Release|iPhone
		{4B6D67D2-7C91-4DF5-A8B3-F7F07107EBDA}.Release|ARM.ActiveCfg = Release|iPhone
		{4B6D67D2-7C91-4DF5-A8B3-F7F07107EBDA}.Release|ARM64.ActiveCfg = Release|iPhone
		{4B6D67D2-7C91-4DF5-A8B3-F7F07107EBDA}.Release|iPhone.ActiveCfg = Release|iPhone
		{4B6D67D2-7C91-4DF5-A8B3-F7F07107EBDA}.Release|iPhone.Build.0 = Release|iPhone
		{4B6D67D2-7C91-4DF5-A8B3-F7F07107EBDA}.Release|iPhoneSimulator.ActiveCfg = Release|iPhoneSimulator
		{4B6D67D2-7C91-4DF5-A8B3-F7F07107EBDA}.Release|iPhoneSimulator.Build.0 = Release|iPhoneSimulator
		{4B6D67D2-7C91-4DF5-A8B3-F7F07107EBDA}.Release|x64.ActiveCfg = Release|iPhone
		{4B6D67D2-7C91-4DF5-A8B3-F7F07107EBDA}.Release|x86.ActiveCfg = Release|iPhone
		{9909AFE9-664C-44B6-8132-3102BE8CC710}.Ad-Hoc|Any CPU.ActiveCfg = Release|x64
		{9909AFE9-664C-44B6-8132-3102BE8CC710}.Ad-Hoc|Any CPU.Build.0 = Release|x64
		{9909AFE9-664C-44B6-8132-3102BE8CC710}.Ad-Hoc|Any CPU.Deploy.0 = Release|x64
		{9909AFE9-664C-44B6-8132-3102BE8CC710}.Ad-Hoc|ARM.ActiveCfg = Release|ARM
		{9909AFE9-664C-44B6-8132-3102BE8CC710}.Ad-Hoc|ARM.Build.0 = Release|ARM
		{9909AFE9-664C-44B6-8132-3102BE8CC710}.Ad-Hoc|ARM.Deploy.0 = Release|ARM
		{9909AFE9-664C-44B6-8132-3102BE8CC710}.Ad-Hoc|ARM64.ActiveCfg = Release|ARM64
		{9909AFE9-664C-44B6-8132-3102BE8CC710}.Ad-Hoc|ARM64.Build.0 = Release|ARM64
		{9909AFE9-664C-44B6-8132-3102BE8CC710}.Ad-Hoc|ARM64.Deploy.0 = Release|ARM64
		{9909AFE9-664C-44B6-8132-3102BE8CC710}.Ad-Hoc|iPhone.ActiveCfg = Release|x64
		{9909AFE9-664C-44B6-8132-3102BE8CC710}.Ad-Hoc|iPhone.Build.0 = Release|x64
		{9909AFE9-664C-44B6-8132-3102BE8CC710}.Ad-Hoc|iPhone.Deploy.0 = Release|x64
		{9909AFE9-664C-44B6-8132-3102BE8CC710}.Ad-Hoc|iPhoneSimulator.ActiveCfg = Release|x64
		{9909AFE9-664C-44B6-8132-3102BE8CC710}.Ad-Hoc|iPhoneSimulator.Build.0 = Release|x64
		{9909AFE9-664C-44B6-8132-3102BE8CC710}.Ad-Hoc|iPhoneSimulator.Deploy.0 = Release|x64
		{9909AFE9-664C-44B6-8132-3102BE8CC710}.Ad-Hoc|x64.ActiveCfg = Release|x64
		{9909AFE9-664C-44B6-8132-3102BE8CC710}.Ad-Hoc|x64.Build.0 = Release|x64
		{9909AFE9-664C-44B6-8132-3102BE8CC710}.Ad-Hoc|x64.Deploy.0 = Release|x64
		{9909AFE9-664C-44B6-8132-3102BE8CC710}.Ad-Hoc|x86.ActiveCfg = Release|x86
		{9909AFE9-664C-44B6-8132-3102BE8CC710}.Ad-Hoc|x86.Build.0 = Release|x86
		{9909AFE9-664C-44B6-8132-3102BE8CC710}.Ad-Hoc|x86.Deploy.0 = Release|x86
		{9909AFE9-664C-44B6-8132-3102BE8CC710}.AppStore|Any CPU.ActiveCfg = Release|x64
		{9909AFE9-664C-44B6-8132-3102BE8CC710}.AppStore|Any CPU.Build.0 = Release|x64
		{9909AFE9-664C-44B6-8132-3102BE8CC710}.AppStore|Any CPU.Deploy.0 = Release|x64
		{9909AFE9-664C-44B6-8132-3102BE8CC710}.AppStore|ARM.ActiveCfg = Release|ARM
		{9909AFE9-664C-44B6-8132-3102BE8CC710}.AppStore|ARM.Build.0 = Release|ARM
		{9909AFE9-664C-44B6-8132-3102BE8CC710}.AppStore|ARM.Deploy.0 = Release|ARM
		{9909AFE9-664C-44B6-8132-3102BE8CC710}.AppStore|ARM64.ActiveCfg = Release|ARM64
		{9909AFE9-664C-44B6-8132-3102BE8CC710}.AppStore|ARM64.Build.0 = Release|ARM64
		{9909AFE9-664C-44B6-8132-3102BE8CC710}.AppStore|ARM64.Deploy.0 = Release|ARM64
		{9909AFE9-664C-44B6-8132-3102BE8CC710}.AppStore|iPhone.ActiveCfg = Release|x64
		{9909AFE9-664C-44B6-8132-3102BE8CC710}.AppStore|iPhone.Build.0 = Release|x64
		{9909AFE9-664C-44B6-8132-3102BE8CC710}.AppStore|iPhone.Deploy.0 = Release|x64
		{9909AFE9-664C-44B6-8132-3102BE8CC710}.AppStore|iPhoneSimulator.ActiveCfg = Release|x64
		{9909AFE9-664C-44B6-8132-3102BE8CC710}.AppStore|iPhoneSimulator.Build.0 = Release|x64
		{9909AFE9-664C-44B6-8132-3102BE8CC710}.AppStore|iPhoneSimulator.Deploy.0 = Release|x64
		{9909AFE9-664C-44B6-8132-3102BE8CC710}.AppStore|x64.ActiveCfg = Release|x64
		{9909AFE9-664C-44B6-8132-3102BE8CC710}.AppStore|x64.Build.0 = Release|x64
		{9909AFE9-664C-44B6-8132-3102BE8CC710}.AppStore|x64.Deploy.0 = Release|x64
		{9909AFE9-664C-44B6-8132-3102BE8CC710}.AppStore|x86.ActiveCfg = Release|x86
		{9909AFE9-664C-44B6-8132-3102BE8CC710}.AppStore|x86.Build.0 = Release|x86
		{9909AFE9-664C-44B6-8132-3102BE8CC710}.AppStore|x86.Deploy.0 = Release|x86
		{9909AFE9-664C-44B6-8132-3102BE8CC710}.Debug|Any CPU.ActiveCfg = Debug|x86
		{9909AFE9-664C-44B6-8132-3102BE8CC710}.Debug|ARM.ActiveCfg = Debug|ARM
		{9909AFE9-664C-44B6-8132-3102BE8CC710}.Debug|ARM.Build.0 = Debug|ARM
		{9909AFE9-664C-44B6-8132-3102BE8CC710}.Debug|ARM.Deploy.0 = Debug|ARM
		{9909AFE9-664C-44B6-8132-3102BE8CC710}.Debug|ARM64.ActiveCfg = Debug|ARM64
		{9909AFE9-664C-44B6-8132-3102BE8CC710}.Debug|ARM64.Build.0 = Debug|ARM64
		{9909AFE9-664C-44B6-8132-3102BE8CC710}.Debug|ARM64.Deploy.0 = Debug|ARM64
		{9909AFE9-664C-44B6-8132-3102BE8CC710}.Debug|iPhone.ActiveCfg = Debug|x86
		{9909AFE9-664C-44B6-8132-3102BE8CC710}.Debug|iPhoneSimulator.ActiveCfg = Debug|x86
		{9909AFE9-664C-44B6-8132-3102BE8CC710}.Debug|x64.ActiveCfg = Debug|x64
		{9909AFE9-664C-44B6-8132-3102BE8CC710}.Debug|x64.Build.0 = Debug|x64
		{9909AFE9-664C-44B6-8132-3102BE8CC710}.Debug|x64.Deploy.0 = Debug|x64
		{9909AFE9-664C-44B6-8132-3102BE8CC710}.Debug|x86.ActiveCfg = Debug|x86
		{9909AFE9-664C-44B6-8132-3102BE8CC710}.Debug|x86.Build.0 = Debug|x86
		{9909AFE9-664C-44B6-8132-3102BE8CC710}.Debug|x86.Deploy.0 = Debug|x86
		{9909AFE9-664C-44B6-8132-3102BE8CC710}.Release|Any CPU.ActiveCfg = Release|x86
		{9909AFE9-664C-44B6-8132-3102BE8CC710}.Release|ARM.ActiveCfg = Release|ARM
		{9909AFE9-664C-44B6-8132-3102BE8CC710}.Release|ARM.Build.0 = Release|ARM
		{9909AFE9-664C-44B6-8132-3102BE8CC710}.Release|ARM.Deploy.0 = Release|ARM
		{9909AFE9-664C-44B6-8132-3102BE8CC710}.Release|ARM64.ActiveCfg = Release|ARM64
		{9909AFE9-664C-44B6-8132-3102BE8CC710}.Release|ARM64.Build.0 = Release|ARM64
		{9909AFE9-664C-44B6-8132-3102BE8CC710}.Release|ARM64.Deploy.0 = Release|ARM64
		{9909AFE9-664C-44B6-8132-3102BE8CC710}.Release|iPhone.ActiveCfg = Release|x86
		{9909AFE9-664C-44B6-8132-3102BE8CC710}.Release|iPhoneSimulator.ActiveCfg = Release|x86
		{9909AFE9-664C-44B6-8132-3102BE8CC710}.Release|x64.ActiveCfg = Release|x64
		{9909AFE9-664C-44B6-8132-3102BE8CC710}.Release|x64.Build.0 = Release|x64
		{9909AFE9-664C-44B6-8132-3102BE8CC710}.Release|x64.Deploy.0 = Release|x64
		{9909AFE9-664C-44B6-8132-3102BE8CC710}.Release|x86.ActiveCfg = Release|x86
		{9909AFE9-664C-44B6-8132-3102BE8CC710}.Release|x86.Build.0 = Release|x86
		{9909AFE9-664C-44B6-8132-3102BE8CC710}.Release|x86.Deploy.0 = Release|x86
		{761A783C-4D03-4F56-83CC-5FAD9473B7FA}.Ad-Hoc|Any CPU.ActiveCfg = Debug|Any CPU
		{761A783C-4D03-4F56-83CC-5FAD9473B7FA}.Ad-Hoc|Any CPU.Build.0 = Debug|Any CPU
		{761A783C-4D03-4F56-83CC-5FAD9473B7FA}.Ad-Hoc|ARM.ActiveCfg = Debug|Any CPU
		{761A783C-4D03-4F56-83CC-5FAD9473B7FA}.Ad-Hoc|ARM.Build.0 = Debug|Any CPU
		{761A783C-4D03-4F56-83CC-5FAD9473B7FA}.Ad-Hoc|ARM64.ActiveCfg = Debug|Any CPU
		{761A783C-4D03-4F56-83CC-5FAD9473B7FA}.Ad-Hoc|ARM64.Build.0 = Debug|Any CPU
		{761A783C-4D03-4F56-83CC-5FAD9473B7FA}.Ad-Hoc|iPhone.ActiveCfg = Debug|Any CPU
		{761A783C-4D03-4F56-83CC-5FAD9473B7FA}.Ad-Hoc|iPhone.Build.0 = Debug|Any CPU
		{761A783C-4D03-4F56-83CC-5FAD9473B7FA}.Ad-Hoc|iPhoneSimulator.ActiveCfg = Debug|Any CPU
		{761A783C-4D03-4F56-83CC-5FAD9473B7FA}.Ad-Hoc|iPhoneSimulator.Build.0 = Debug|Any CPU
		{761A783C-4D03-4F56-83CC-5FAD9473B7FA}.Ad-Hoc|x64.ActiveCfg = Debug|Any CPU
		{761A783C-4D03-4F56-83CC-5FAD9473B7FA}.Ad-Hoc|x64.Build.0 = Debug|Any CPU
		{761A783C-4D03-4F56-83CC-5FAD9473B7FA}.Ad-Hoc|x86.ActiveCfg = Debug|Any CPU
		{761A783C-4D03-4F56-83CC-5FAD9473B7FA}.Ad-Hoc|x86.Build.0 = Debug|Any CPU
		{761A783C-4D03-4F56-83CC-5FAD9473B7FA}.AppStore|Any CPU.ActiveCfg = Debug|Any CPU
		{761A783C-4D03-4F56-83CC-5FAD9473B7FA}.AppStore|Any CPU.Build.0 = Debug|Any CPU
		{761A783C-4D03-4F56-83CC-5FAD9473B7FA}.AppStore|ARM.ActiveCfg = Debug|Any CPU
		{761A783C-4D03-4F56-83CC-5FAD9473B7FA}.AppStore|ARM.Build.0 = Debug|Any CPU
		{761A783C-4D03-4F56-83CC-5FAD9473B7FA}.AppStore|ARM64.ActiveCfg = Debug|Any CPU
		{761A783C-4D03-4F56-83CC-5FAD9473B7FA}.AppStore|ARM64.Build.0 = Debug|Any CPU
		{761A783C-4D03-4F56-83CC-5FAD9473B7FA}.AppStore|iPhone.ActiveCfg = Debug|Any CPU
		{761A783C-4D03-4F56-83CC-5FAD9473B7FA}.AppStore|iPhone.Build.0 = Debug|Any CPU
		{761A783C-4D03-4F56-83CC-5FAD9473B7FA}.AppStore|iPhoneSimulator.ActiveCfg = Debug|Any CPU
		{761A783C-4D03-4F56-83CC-5FAD9473B7FA}.AppStore|iPhoneSimulator.Build.0 = Debug|Any CPU
		{761A783C-4D03-4F56-83CC-5FAD9473B7FA}.AppStore|x64.ActiveCfg = Debug|Any CPU
		{761A783C-4D03-4F56-83CC-5FAD9473B7FA}.AppStore|x64.Build.0 = Debug|Any CPU
		{761A783C-4D03-4F56-83CC-5FAD9473B7FA}.AppStore|x86.ActiveCfg = Debug|Any CPU
		{761A783C-4D03-4F56-83CC-5FAD9473B7FA}.AppStore|x86.Build.0 = Debug|Any CPU
		{761A783C-4D03-4F56-83CC-5FAD9473B7FA}.Debug|Any CPU.ActiveCfg = Debug|Any CPU
		{761A783C-4D03-4F56-83CC-5FAD9473B7FA}.Debug|Any CPU.Build.0 = Debug|Any CPU
		{761A783C-4D03-4F56-83CC-5FAD9473B7FA}.Debug|ARM.ActiveCfg = Debug|Any CPU
		{761A783C-4D03-4F56-83CC-5FAD9473B7FA}.Debug|ARM.Build.0 = Debug|Any CPU
		{761A783C-4D03-4F56-83CC-5FAD9473B7FA}.Debug|ARM64.ActiveCfg = Debug|Any CPU
		{761A783C-4D03-4F56-83CC-5FAD9473B7FA}.Debug|ARM64.Build.0 = Debug|Any CPU
		{761A783C-4D03-4F56-83CC-5FAD9473B7FA}.Debug|iPhone.ActiveCfg = Debug|Any CPU
		{761A783C-4D03-4F56-83CC-5FAD9473B7FA}.Debug|iPhone.Build.0 = Debug|Any CPU
		{761A783C-4D03-4F56-83CC-5FAD9473B7FA}.Debug|iPhoneSimulator.ActiveCfg = Debug|Any CPU
		{761A783C-4D03-4F56-83CC-5FAD9473B7FA}.Debug|iPhoneSimulator.Build.0 = Debug|Any CPU
		{761A783C-4D03-4F56-83CC-5FAD9473B7FA}.Debug|x64.ActiveCfg = Debug|Any CPU
		{761A783C-4D03-4F56-83CC-5FAD9473B7FA}.Debug|x64.Build.0 = Debug|Any CPU
		{761A783C-4D03-4F56-83CC-5FAD9473B7FA}.Debug|x86.ActiveCfg = Debug|Any CPU
		{761A783C-4D03-4F56-83CC-5FAD9473B7FA}.Debug|x86.Build.0 = Debug|Any CPU
		{761A783C-4D03-4F56-83CC-5FAD9473B7FA}.Release|Any CPU.ActiveCfg = Release|Any CPU
		{761A783C-4D03-4F56-83CC-5FAD9473B7FA}.Release|Any CPU.Build.0 = Release|Any CPU
		{761A783C-4D03-4F56-83CC-5FAD9473B7FA}.Release|ARM.ActiveCfg = Release|Any CPU
		{761A783C-4D03-4F56-83CC-5FAD9473B7FA}.Release|ARM.Build.0 = Release|Any CPU
		{761A783C-4D03-4F56-83CC-5FAD9473B7FA}.Release|ARM64.ActiveCfg = Release|Any CPU
		{761A783C-4D03-4F56-83CC-5FAD9473B7FA}.Release|ARM64.Build.0 = Release|Any CPU
		{761A783C-4D03-4F56-83CC-5FAD9473B7FA}.Release|iPhone.ActiveCfg = Release|Any CPU
		{761A783C-4D03-4F56-83CC-5FAD9473B7FA}.Release|iPhone.Build.0 = Release|Any CPU
		{761A783C-4D03-4F56-83CC-5FAD9473B7FA}.Release|iPhoneSimulator.ActiveCfg = Release|Any CPU
		{761A783C-4D03-4F56-83CC-5FAD9473B7FA}.Release|iPhoneSimulator.Build.0 = Release|Any CPU
		{761A783C-4D03-4F56-83CC-5FAD9473B7FA}.Release|x64.ActiveCfg = Release|Any CPU
		{761A783C-4D03-4F56-83CC-5FAD9473B7FA}.Release|x64.Build.0 = Release|Any CPU
		{761A783C-4D03-4F56-83CC-5FAD9473B7FA}.Release|x86.ActiveCfg = Release|Any CPU
		{761A783C-4D03-4F56-83CC-5FAD9473B7FA}.Release|x86.Build.0 = Release|Any CPU
		{3D72E24E-27B8-417D-87D9-9C1A5FB425A3}.Ad-Hoc|Any CPU.ActiveCfg = Debug|Any CPU
		{3D72E24E-27B8-417D-87D9-9C1A5FB425A3}.Ad-Hoc|Any CPU.Build.0 = Debug|Any CPU
		{3D72E24E-27B8-417D-87D9-9C1A5FB425A3}.Ad-Hoc|ARM.ActiveCfg = Debug|Any CPU
		{3D72E24E-27B8-417D-87D9-9C1A5FB425A3}.Ad-Hoc|ARM.Build.0 = Debug|Any CPU
		{3D72E24E-27B8-417D-87D9-9C1A5FB425A3}.Ad-Hoc|ARM64.ActiveCfg = Debug|Any CPU
		{3D72E24E-27B8-417D-87D9-9C1A5FB425A3}.Ad-Hoc|ARM64.Build.0 = Debug|Any CPU
		{3D72E24E-27B8-417D-87D9-9C1A5FB425A3}.Ad-Hoc|iPhone.ActiveCfg = Debug|Any CPU
		{3D72E24E-27B8-417D-87D9-9C1A5FB425A3}.Ad-Hoc|iPhone.Build.0 = Debug|Any CPU
		{3D72E24E-27B8-417D-87D9-9C1A5FB425A3}.Ad-Hoc|iPhoneSimulator.ActiveCfg = Debug|Any CPU
		{3D72E24E-27B8-417D-87D9-9C1A5FB425A3}.Ad-Hoc|iPhoneSimulator.Build.0 = Debug|Any CPU
		{3D72E24E-27B8-417D-87D9-9C1A5FB425A3}.Ad-Hoc|x64.ActiveCfg = Release|x64
		{3D72E24E-27B8-417D-87D9-9C1A5FB425A3}.Ad-Hoc|x64.Build.0 = Release|x64
		{3D72E24E-27B8-417D-87D9-9C1A5FB425A3}.Ad-Hoc|x86.ActiveCfg = Debug|Any CPU
		{3D72E24E-27B8-417D-87D9-9C1A5FB425A3}.Ad-Hoc|x86.Build.0 = Debug|Any CPU
		{3D72E24E-27B8-417D-87D9-9C1A5FB425A3}.AppStore|Any CPU.ActiveCfg = Debug|Any CPU
		{3D72E24E-27B8-417D-87D9-9C1A5FB425A3}.AppStore|Any CPU.Build.0 = Debug|Any CPU
		{3D72E24E-27B8-417D-87D9-9C1A5FB425A3}.AppStore|ARM.ActiveCfg = Debug|Any CPU
		{3D72E24E-27B8-417D-87D9-9C1A5FB425A3}.AppStore|ARM.Build.0 = Debug|Any CPU
		{3D72E24E-27B8-417D-87D9-9C1A5FB425A3}.AppStore|ARM64.ActiveCfg = Debug|Any CPU
		{3D72E24E-27B8-417D-87D9-9C1A5FB425A3}.AppStore|ARM64.Build.0 = Debug|Any CPU
		{3D72E24E-27B8-417D-87D9-9C1A5FB425A3}.AppStore|iPhone.ActiveCfg = Debug|Any CPU
		{3D72E24E-27B8-417D-87D9-9C1A5FB425A3}.AppStore|iPhone.Build.0 = Debug|Any CPU
		{3D72E24E-27B8-417D-87D9-9C1A5FB425A3}.AppStore|iPhoneSimulator.ActiveCfg = Debug|Any CPU
		{3D72E24E-27B8-417D-87D9-9C1A5FB425A3}.AppStore|iPhoneSimulator.Build.0 = Debug|Any CPU
		{3D72E24E-27B8-417D-87D9-9C1A5FB425A3}.AppStore|x64.ActiveCfg = Release|x64
		{3D72E24E-27B8-417D-87D9-9C1A5FB425A3}.AppStore|x64.Build.0 = Release|x64
		{3D72E24E-27B8-417D-87D9-9C1A5FB425A3}.AppStore|x86.ActiveCfg = Debug|Any CPU
		{3D72E24E-27B8-417D-87D9-9C1A5FB425A3}.AppStore|x86.Build.0 = Debug|Any CPU
		{3D72E24E-27B8-417D-87D9-9C1A5FB425A3}.Debug|Any CPU.ActiveCfg = Debug|Any CPU
		{3D72E24E-27B8-417D-87D9-9C1A5FB425A3}.Debug|Any CPU.Build.0 = Debug|Any CPU
		{3D72E24E-27B8-417D-87D9-9C1A5FB425A3}.Debug|ARM.ActiveCfg = Debug|Any CPU
		{3D72E24E-27B8-417D-87D9-9C1A5FB425A3}.Debug|ARM.Build.0 = Debug|Any CPU
		{3D72E24E-27B8-417D-87D9-9C1A5FB425A3}.Debug|ARM64.ActiveCfg = Debug|Any CPU
		{3D72E24E-27B8-417D-87D9-9C1A5FB425A3}.Debug|ARM64.Build.0 = Debug|Any CPU
		{3D72E24E-27B8-417D-87D9-9C1A5FB425A3}.Debug|iPhone.ActiveCfg = Debug|Any CPU
		{3D72E24E-27B8-417D-87D9-9C1A5FB425A3}.Debug|iPhone.Build.0 = Debug|Any CPU
		{3D72E24E-27B8-417D-87D9-9C1A5FB425A3}.Debug|iPhoneSimulator.ActiveCfg = Debug|Any CPU
		{3D72E24E-27B8-417D-87D9-9C1A5FB425A3}.Debug|iPhoneSimulator.Build.0 = Debug|Any CPU
		{3D72E24E-27B8-417D-87D9-9C1A5FB425A3}.Debug|x64.ActiveCfg = Debug|x64
		{3D72E24E-27B8-417D-87D9-9C1A5FB425A3}.Debug|x64.Build.0 = Debug|x64
		{3D72E24E-27B8-417D-87D9-9C1A5FB425A3}.Debug|x86.ActiveCfg = Debug|Any CPU
		{3D72E24E-27B8-417D-87D9-9C1A5FB425A3}.Debug|x86.Build.0 = Debug|Any CPU
		{3D72E24E-27B8-417D-87D9-9C1A5FB425A3}.Release|Any CPU.ActiveCfg = Release|Any CPU
		{3D72E24E-27B8-417D-87D9-9C1A5FB425A3}.Release|Any CPU.Build.0 = Release|Any CPU
		{3D72E24E-27B8-417D-87D9-9C1A5FB425A3}.Release|ARM.ActiveCfg = Release|Any CPU
		{3D72E24E-27B8-417D-87D9-9C1A5FB425A3}.Release|ARM.Build.0 = Release|Any CPU
		{3D72E24E-27B8-417D-87D9-9C1A5FB425A3}.Release|ARM64.ActiveCfg = Release|Any CPU
		{3D72E24E-27B8-417D-87D9-9C1A5FB425A3}.Release|ARM64.Build.0 = Release|Any CPU
		{3D72E24E-27B8-417D-87D9-9C1A5FB425A3}.Release|iPhone.ActiveCfg = Release|Any CPU
		{3D72E24E-27B8-417D-87D9-9C1A5FB425A3}.Release|iPhone.Build.0 = Release|Any CPU
		{3D72E24E-27B8-417D-87D9-9C1A5FB425A3}.Release|iPhoneSimulator.ActiveCfg = Release|Any CPU
		{3D72E24E-27B8-417D-87D9-9C1A5FB425A3}.Release|iPhoneSimulator.Build.0 = Release|Any CPU
		{3D72E24E-27B8-417D-87D9-9C1A5FB425A3}.Release|x64.ActiveCfg = Release|x64
		{3D72E24E-27B8-417D-87D9-9C1A5FB425A3}.Release|x64.Build.0 = Release|x64
		{3D72E24E-27B8-417D-87D9-9C1A5FB425A3}.Release|x86.ActiveCfg = Release|Any CPU
		{3D72E24E-27B8-417D-87D9-9C1A5FB425A3}.Release|x86.Build.0 = Release|Any CPU
		{85BD32A9-B976-496D-8B6D-00AC512F98AC}.Ad-Hoc|Any CPU.ActiveCfg = Debug|Any CPU
		{85BD32A9-B976-496D-8B6D-00AC512F98AC}.Ad-Hoc|Any CPU.Build.0 = Debug|Any CPU
		{85BD32A9-B976-496D-8B6D-00AC512F98AC}.Ad-Hoc|ARM.ActiveCfg = Debug|Any CPU
		{85BD32A9-B976-496D-8B6D-00AC512F98AC}.Ad-Hoc|ARM.Build.0 = Debug|Any CPU
		{85BD32A9-B976-496D-8B6D-00AC512F98AC}.Ad-Hoc|ARM64.ActiveCfg = Debug|Any CPU
		{85BD32A9-B976-496D-8B6D-00AC512F98AC}.Ad-Hoc|ARM64.Build.0 = Debug|Any CPU
		{85BD32A9-B976-496D-8B6D-00AC512F98AC}.Ad-Hoc|iPhone.ActiveCfg = Debug|Any CPU
		{85BD32A9-B976-496D-8B6D-00AC512F98AC}.Ad-Hoc|iPhone.Build.0 = Debug|Any CPU
		{85BD32A9-B976-496D-8B6D-00AC512F98AC}.Ad-Hoc|iPhoneSimulator.ActiveCfg = Debug|Any CPU
		{85BD32A9-B976-496D-8B6D-00AC512F98AC}.Ad-Hoc|iPhoneSimulator.Build.0 = Debug|Any CPU
		{85BD32A9-B976-496D-8B6D-00AC512F98AC}.Ad-Hoc|x64.ActiveCfg = Release|x64
		{85BD32A9-B976-496D-8B6D-00AC512F98AC}.Ad-Hoc|x64.Build.0 = Release|x64
		{85BD32A9-B976-496D-8B6D-00AC512F98AC}.Ad-Hoc|x86.ActiveCfg = Debug|Any CPU
		{85BD32A9-B976-496D-8B6D-00AC512F98AC}.Ad-Hoc|x86.Build.0 = Debug|Any CPU
		{85BD32A9-B976-496D-8B6D-00AC512F98AC}.AppStore|Any CPU.ActiveCfg = Debug|Any CPU
		{85BD32A9-B976-496D-8B6D-00AC512F98AC}.AppStore|Any CPU.Build.0 = Debug|Any CPU
		{85BD32A9-B976-496D-8B6D-00AC512F98AC}.AppStore|ARM.ActiveCfg = Debug|Any CPU
		{85BD32A9-B976-496D-8B6D-00AC512F98AC}.AppStore|ARM.Build.0 = Debug|Any CPU
		{85BD32A9-B976-496D-8B6D-00AC512F98AC}.AppStore|ARM64.ActiveCfg = Debug|Any CPU
		{85BD32A9-B976-496D-8B6D-00AC512F98AC}.AppStore|ARM64.Build.0 = Debug|Any CPU
		{85BD32A9-B976-496D-8B6D-00AC512F98AC}.AppStore|iPhone.ActiveCfg = Debug|Any CPU
		{85BD32A9-B976-496D-8B6D-00AC512F98AC}.AppStore|iPhone.Build.0 = Debug|Any CPU
		{85BD32A9-B976-496D-8B6D-00AC512F98AC}.AppStore|iPhoneSimulator.ActiveCfg = Debug|Any CPU
		{85BD32A9-B976-496D-8B6D-00AC512F98AC}.AppStore|iPhoneSimulator.Build.0 = Debug|Any CPU
		{85BD32A9-B976-496D-8B6D-00AC512F98AC}.AppStore|x64.ActiveCfg = Release|x64
		{85BD32A9-B976-496D-8B6D-00AC512F98AC}.AppStore|x64.Build.0 = Release|x64
		{85BD32A9-B976-496D-8B6D-00AC512F98AC}.AppStore|x86.ActiveCfg = Debug|Any CPU
		{85BD32A9-B976-496D-8B6D-00AC512F98AC}.AppStore|x86.Build.0 = Debug|Any CPU
		{85BD32A9-B976-496D-8B6D-00AC512F98AC}.Debug|Any CPU.ActiveCfg = Debug|Any CPU
		{85BD32A9-B976-496D-8B6D-00AC512F98AC}.Debug|Any CPU.Build.0 = Debug|Any CPU
		{85BD32A9-B976-496D-8B6D-00AC512F98AC}.Debug|ARM.ActiveCfg = Debug|Any CPU
		{85BD32A9-B976-496D-8B6D-00AC512F98AC}.Debug|ARM.Build.0 = Debug|Any CPU
		{85BD32A9-B976-496D-8B6D-00AC512F98AC}.Debug|ARM64.ActiveCfg = Debug|Any CPU
		{85BD32A9-B976-496D-8B6D-00AC512F98AC}.Debug|ARM64.Build.0 = Debug|Any CPU
		{85BD32A9-B976-496D-8B6D-00AC512F98AC}.Debug|iPhone.ActiveCfg = Debug|Any CPU
		{85BD32A9-B976-496D-8B6D-00AC512F98AC}.Debug|iPhone.Build.0 = Debug|Any CPU
		{85BD32A9-B976-496D-8B6D-00AC512F98AC}.Debug|iPhoneSimulator.ActiveCfg = Debug|Any CPU
		{85BD32A9-B976-496D-8B6D-00AC512F98AC}.Debug|iPhoneSimulator.Build.0 = Debug|Any CPU
		{85BD32A9-B976-496D-8B6D-00AC512F98AC}.Debug|x64.ActiveCfg = Debug|x64
		{85BD32A9-B976-496D-8B6D-00AC512F98AC}.Debug|x64.Build.0 = Debug|x64
		{85BD32A9-B976-496D-8B6D-00AC512F98AC}.Debug|x86.ActiveCfg = Debug|Any CPU
		{85BD32A9-B976-496D-8B6D-00AC512F98AC}.Debug|x86.Build.0 = Debug|Any CPU
		{85BD32A9-B976-496D-8B6D-00AC512F98AC}.Release|Any CPU.ActiveCfg = Release|Any CPU
		{85BD32A9-B976-496D-8B6D-00AC512F98AC}.Release|Any CPU.Build.0 = Release|Any CPU
		{85BD32A9-B976-496D-8B6D-00AC512F98AC}.Release|ARM.ActiveCfg = Release|Any CPU
		{85BD32A9-B976-496D-8B6D-00AC512F98AC}.Release|ARM.Build.0 = Release|Any CPU
		{85BD32A9-B976-496D-8B6D-00AC512F98AC}.Release|ARM64.ActiveCfg = Release|Any CPU
		{85BD32A9-B976-496D-8B6D-00AC512F98AC}.Release|ARM64.Build.0 = Release|Any CPU
		{85BD32A9-B976-496D-8B6D-00AC512F98AC}.Release|iPhone.ActiveCfg = Release|Any CPU
		{85BD32A9-B976-496D-8B6D-00AC512F98AC}.Release|iPhone.Build.0 = Release|Any CPU
		{85BD32A9-B976-496D-8B6D-00AC512F98AC}.Release|iPhoneSimulator.ActiveCfg = Release|Any CPU
		{85BD32A9-B976-496D-8B6D-00AC512F98AC}.Release|iPhoneSimulator.Build.0 = Release|Any CPU
		{85BD32A9-B976-496D-8B6D-00AC512F98AC}.Release|x64.ActiveCfg = Release|x64
		{85BD32A9-B976-496D-8B6D-00AC512F98AC}.Release|x64.Build.0 = Release|x64
		{85BD32A9-B976-496D-8B6D-00AC512F98AC}.Release|x86.ActiveCfg = Release|Any CPU
		{85BD32A9-B976-496D-8B6D-00AC512F98AC}.Release|x86.Build.0 = Release|Any CPU
	EndGlobalSection
	GlobalSection(SolutionProperties) = preSolution
		HideSolutionNode = FALSE
	EndGlobalSection
	GlobalSection(NestedProjects) = preSolution
		{6279C845-92F8-4333-AB99-3D213163593C} = {EE7A5A62-6E7A-45B2-A98C-A6D1663EC8DF}
		{B7823FB2-48F9-42D3-8049-D2519F727BE4} = {EE7A5A62-6E7A-45B2-A98C-A6D1663EC8DF}
		{4B6D67D2-7C91-4DF5-A8B3-F7F07107EBDA} = {EE7A5A62-6E7A-45B2-A98C-A6D1663EC8DF}
		{9909AFE9-664C-44B6-8132-3102BE8CC710} = {EE7A5A62-6E7A-45B2-A98C-A6D1663EC8DF}
		{761A783C-4D03-4F56-83CC-5FAD9473B7FA} = {EE7A5A62-6E7A-45B2-A98C-A6D1663EC8DF}
		{3D72E24E-27B8-417D-87D9-9C1A5FB425A3} = {4D889B0D-F632-40BE-AB67-7B70F64B6CB8}
		{85BD32A9-B976-496D-8B6D-00AC512F98AC} = {4D889B0D-F632-40BE-AB67-7B70F64B6CB8}
	EndGlobalSection
	GlobalSection(ExtensibilityGlobals) = postSolution
		SolutionGuid = {B0D442D9-DFB1-40E4-A064-27A15522AEB3}
	EndGlobalSection
EndGlobal
